
Microsoft Visual Studio Solution File, Format Version 12.00
# Visual Studio Version 16
VisualStudioVersion = 16.0.30114.105
MinimumVisualStudioVersion = 10.0.40219.1
Project("{FAE04EC0-301F-11D3-BF4B-00C04F79EFBC}") = "ProductServices", "ProductServices.csproj", "{7026CBD4-C3D9-4649-AD16-F886DB1B5B9F}"
EndProject
Project("{FAE04EC0-301F-11D3-BF4B-00C04F79EFBC}") = "ProductDataAccess", "..\ProductDataAccess\ProductDataAccess.csproj", "{F3C1AAB1-BCAE-4841-B18A-E2A69451B833}"
EndProject
Global
	GlobalSection(SolutionConfigurationPlatforms) = preSolution
		Debug|Any CPU = Debug|Any CPU
		Release|Any CPU = Release|Any CPU
	EndGlobalSection
	GlobalSection(ProjectConfigurationPlatforms) = postSolution
		{7026CBD4-C3D9-4649-AD16-F886DB1B5B9F}.Debug|Any CPU.ActiveCfg = Debug|Any CPU
		{7026CBD4-C3D9-4649-AD16-F886DB1B5B9F}.Debug|Any CPU.Build.0 = Debug|Any CPU
		{7026CBD4-C3D9-4649-AD16-F886DB1B5B9F}.Release|Any CPU.ActiveCfg = Release|Any CPU
		{7026CBD4-C3D9-4649-AD16-F886DB1B5B9F}.Release|Any CPU.Build.0 = Release|Any CPU
		{F3C1AAB1-BCAE-4841-B18A-E2A69451B833}.Debug|Any CPU.ActiveCfg = Debug|Any CPU
		{F3C1AAB1-BCAE-4841-B18A-E2A69451B833}.Debug|Any CPU.Build.0 = Debug|Any CPU
		{F3C1AAB1-BCAE-4841-B18A-E2A69451B833}.Release|Any CPU.ActiveCfg = Release|Any CPU
		{F3C1AAB1-BCAE-4841-B18A-E2A69451B833}.Release|Any CPU.Build.0 = Release|Any CPU
	EndGlobalSection
	GlobalSection(SolutionProperties) = preSolution
		HideSolutionNode = FALSE
	EndGlobalSection
	GlobalSection(ExtensibilityGlobals) = postSolution
		SolutionGuid = {C3C9AE3B-C5B9-4B8E-B8E5-635F943A0491}
	EndGlobalSection
EndGlobal
